{
  "nodes": {
    "nix-ada": {
      "inputs": {
        "nixpkgs": "nixpkgs"
      },
      "locked": {
        "lastModified": 1722288543,
        "narHash": "sha256-kirsCUEbfqNZsFZcFAgJIT8/Bcp2Z+Tohgqtf9cNrkc=",
        "owner": "andrewathalye",
        "repo": "nix-ada",
        "rev": "2054be472dcb04d80448bd9014bd5cccb7891a32",
        "type": "github"
      },
      "original": {
        "owner": "andrewathalye",
        "ref": "v1.4.3",
        "repo": "nix-ada",
        "type": "github"
      }
    },
    "nixpkgs": {
      "locked": {
        "lastModified": 1718208800,
        "narHash": "sha256-US1tAChvPxT52RV8GksWZS415tTS7PV42KTc2PNDBmc=",
        "owner": "NixOS",
        "repo": "nixpkgs",
        "rev": "cc54fb41d13736e92229c21627ea4f22199fee6b",
        "type": "github"
      },
      "original": {
        "owner": "NixOS",
        "repo": "nixpkgs",
        "rev": "cc54fb41d13736e92229c21627ea4f22199fee6b",
        "type": "github"
      }
    },
    "root": {
      "inputs": {
        "nix-ada": "nix-ada"
      }
    }
  },
  "root": "root",
  "version": 7
}
