{
  "nodes": {
    "dbus-ada-flake": {
      "inputs": {
        "nixpkgs": [
          "nix-ada",
          "nixpkgs"
        ]
      },
      "locked": {
        "lastModified": 1723491035,
        "narHash": "sha256-fAKlQ+eljIgLdOCjmzwUSFnARb5ranKvaOVIcnEeE4I=",
        "owner": "andrewathalye",
        "repo": "dbus-ada",
        "rev": "1bbeeaff4864ab54ec523bd7cfaad8a238d08ea4",
        "type": "github"
      },
      "original": {
        "owner": "andrewathalye",
        "repo": "dbus-ada",
        "type": "github"
      }
    },
    "nix-ada": {
      "inputs": {
        "dbus-ada-flake": "dbus-ada-flake",
        "nixpkgs": "nixpkgs"
      },
      "locked": {
        "lastModified": 1723491077,
        "narHash": "sha256-c2g1Z6lP89+OYrR14V3kmqXeJp3OwcLDA6dVuslfZvE=",
        "ref": "refs/heads/master",
        "rev": "82c340a8e33b9564e5741628410893f4cd9b0028",
        "revCount": 39,
        "type": "git",
        "url": "file:///home/andrew/src/ada/nix-ada/"
      },
      "original": {
        "type": "git",
        "url": "file:///home/andrew/src/ada/nix-ada/"
      }
    },
    "nixpkgs": {
      "locked": {
        "lastModified": 1718208800,
        "narHash": "sha256-US1tAChvPxT52RV8GksWZS415tTS7PV42KTc2PNDBmc=",
        "owner": "NixOS",
        "repo": "nixpkgs",
        "rev": "cc54fb41d13736e92229c21627ea4f22199fee6b",
        "type": "github"
      },
      "original": {
        "owner": "NixOS",
        "repo": "nixpkgs",
        "rev": "cc54fb41d13736e92229c21627ea4f22199fee6b",
        "type": "github"
      }
    },
    "root": {
      "inputs": {
        "nix-ada": "nix-ada"
      }
    }
  },
  "root": "root",
  "version": 7
}
